github.com/go-kata/kdone v0.1.0 h1:TbIIVxI+q9d8JnjqCwa014bi60zZ1ILKQuk/CIGKzO0=
github.com/go-kata/kdone v0.1.0/go.mod h1:qNvglTe9URXMYw4vlciLBDU2FLzAqYCoROpxvx8jDwM=
github.com/go-kata/kerror v0.1.0 h1:Y7y0XGOrhWMU1YxvMAYw5VAeDfo4wUZrhLdSQ+KM7LE=
github.com/go-kata/kerror v0.1.0/go.mod h1:TtwtjetJ75COpTfrJBL9y2q4MEbDWt1r/FeF5M+5xlw=
