github.com/go-kata/kdone v0.1.0 h1:TbIIVxI+q9d8JnjqCwa014bi60zZ1ILKQuk/CIGKzO0=
github.com/go-kata/kdone v0.1.0/go.mod h1:qNvglTe9URXMYw4vlciLBDU2FLzAqYCoROpxvx8jDwM=
github.com/go-kata/kdone v0.1.1 h1:GAZlb/vjlQpAn+TtKZez2eZmw/AUpRx94h/Y3A3WLJU=
github.com/go-kata/kdone v0.1.1/go.mod h1:qNvglTe9URXMYw4vlciLBDU2FLzAqYCoROpxvx8jDwM=
github.com/go-kata/kdone v0.2.0 h1:ZaCFPwSxthYDfYj1D3r+8fW9iXq8FGt3HT/et+jyauo=
github.com/go-kata/kdone v0.2.0/go.mod h1:epIfwQvmfhpg7op8E86DZxXOIuz0ZhIHN0kG9r4ye50=
github.com/go-kata/kdone v0.2.1 h1:J+5J7+cIChX3SOqUYysvZqx4gNMK2i+5siE6ZqGbia8=
github.com/go-kata/kdone v0.2.1/go.mod h1:epIfwQvmfhpg7op8E86DZxXOIuz0ZhIHN0kG9r4ye50=
github.com/go-kata/kdone v0.2.2 h1:aMEK7mR4Dmj9b892bv1lxNfmkC+TEwXAcijYozd6VOw=
github.com/go-kata/kdone v0.2.2/go.mod h1:eorcrHqZPhsoz85AtDo3b0w44Md4pl8UYINJj69jyUg=
github.com/go-kata/kdone v0.2.3 h1:V2o/5C6YFponu0IIng3GlwWp5WkoP0w6NlIOeK0NpV4=
github.com/go-kata/kdone v0.2.3/go.mod h1:0dzf9X5WunfvCVP+wAf+Ol3SUDi4+6nu9OCKGd9nt3A=
github.com/go-kata/kdone v0.2.4 h1:2GvvuwoMzzz33naFzMkwvt0zh13XSCJfTWzIAQZmOmY=
github.com/go-kata/kdone v0.2.4/go.mod h1:zofqcVtBiDwMdxH7m3Cs+Vrc65aMSnAPF3EJQTr5coc=
github.com/go-kata/kdone v0.2.5 h1:B+7P6mUxtTsyE5jx4a0nLXEREehndm+GgH0Q16E/1TI=
github.com/go-kata/kdone v0.2.5/go.mod h1:+OuFTRN7AXO8+xJ99z6UQEiGZ4NdwjC8wl147kYjrYU=
github.com/go-kata/kdone v0.2.6 h1:VyQZCHDZITVFFLSV1ne1HUGhPOrq1o8vLwSE1MQXqkM=
github.com/go-kata/kdone v0.2.6/go.mod h1:+OuFTRN7AXO8+xJ99z6UQEiGZ4NdwjC8wl147kYjrYU=
github.com/go-kata/kdone v0.2.7 h1:ecCxYSxGs1R1ufCT0dhBzBCKFbNOt3/BB5H51BvP1ks=
github.com/go-kata/kdone v0.2.7/go.mod h1:SukeO0s1xGgnGIvfrzJMiUHLGC1KYpR9X4pkrRKCWtM=
github.com/go-kata/kdone v0.2.8 h1:vupfF3Nwwsy0X5z8YWlcagHvG6or3bxO4pMkhSHnIXw=
github.com/go-kata/kdone v0.2.8/go.mod h1:waAaVCVOlZRiL4Xf/valgVJe8KvWcnKTkRogPeU0QlQ=
github.com/go-kata/kerror v0.1.0 h1:Y7y0XGOrhWMU1YxvMAYw5VAeDfo4wUZrhLdSQ+KM7LE=
github.com/go-kata/kerror v0.1.0/go.mod h1:TtwtjetJ75COpTfrJBL9y2q4MEbDWt1r/FeF5M+5xlw=
github.com/go-kata/kerror v0.1.1 h1:9RMFNpTzN0HxOZHI2Fm0FBRgx2i+0UkQzIMVvyO33Vs=
github.com/go-kata/kerror v0.1.1/go.mod h1:TtwtjetJ75COpTfrJBL9y2q4MEbDWt1r/FeF5M+5xlw=
github.com/go-kata/kerror v0.1.2 h1:IAnOcR9NokVyxg+J0xvGDPEDi5tEbEK4SFhrffEEnoQ=
github.com/go-kata/kerror v0.1.2/go.mod h1:TtwtjetJ75COpTfrJBL9y2q4MEbDWt1r/FeF5M+5xlw=
github.com/go-kata/kerror v0.1.3 h1:7FXsN5i4tsg9+ZxKV5baflj32r6iRr9uwpsj//3zrGQ=
github.com/go-kata/kerror v0.1.3/go.mod h1:TtwtjetJ75COpTfrJBL9y2q4MEbDWt1r/FeF5M+5xlw=
github.com/go-kata/kerror v0.1.4 h1:IQ18UqnrSOjG+dfbNLYkeiKsQHdsVP0BQLEkv/QoyQU=
github.com/go-kata/kerror v0.1.4/go.mod h1:TtwtjetJ75COpTfrJBL9y2q4MEbDWt1r/FeF5M+5xlw=
github.com/go-kata/kerror v0.2.0 h1:UlwoVTG5m8C+1k3znFd93G45joyJGdxTTGNYK7cdriU=
github.com/go-kata/kerror v0.2.0/go.mod h1:TtwtjetJ75COpTfrJBL9y2q4MEbDWt1r/FeF5M+5xlw=
github.com/go-kata/kerror v0.2.1 h1:fE5KsH5Dntrhmv1hWdc7/BActYUHkCPl7CjQI5kBfjA=
github.com/go-kata/kerror v0.2.1/go.mod h1:TtwtjetJ75COpTfrJBL9y2q4MEbDWt1r/FeF5M+5xlw=
github.com/go-kata/kerror v0.3.0 h1:UwpL0r2Y8s1r8HOcPm0wy4tVHkKDItW64MwZYVmJLKc=
github.com/go-kata/kerror v0.3.0/go.mod h1:TtwtjetJ75COpTfrJBL9y2q4MEbDWt1r/FeF5M+5xlw=
